
Microsoft Visual Studio Solution File, Format Version 12.00
# Visual Studio 2015
Project("{FAE04EC0-301F-11D3-BF4B-00C04F79EFBC}") = "oculustest", "oculustest.csproj", "{3F831651-A15E-BBC7-ADDE-C5CF629FCFD5}"
EndProject
Project("{FAE04EC0-301F-11D3-BF4B-00C04F79EFBC}") = "oculustest.Editor", "oculustest.Editor.csproj", "{9504CBA4-AF03-649E-6AE0-80ABD1895141}"
EndProject
Global
	GlobalSection(SolutionConfigurationPlatforms) = preSolution
		Debug|Any CPU = Debug|Any CPU
		Release|Any CPU = Release|Any CPU
	EndGlobalSection
	GlobalSection(ProjectConfigurationPlatforms) = postSolution
		{3F831651-A15E-BBC7-ADDE-C5CF629FCFD5}.Debug|Any CPU.ActiveCfg = Debug|Any CPU
		{3F831651-A15E-BBC7-ADDE-C5CF629FCFD5}.Debug|Any CPU.Build.0 = Debug|Any CPU
		{3F831651-A15E-BBC7-ADDE-C5CF629FCFD5}.Release|Any CPU.ActiveCfg = Release|Any CPU
		{3F831651-A15E-BBC7-ADDE-C5CF629FCFD5}.Release|Any CPU.Build.0 = Release|Any CPU
		{9504CBA4-AF03-649E-6AE0-80ABD1895141}.Debug|Any CPU.ActiveCfg = Debug|Any CPU
		{9504CBA4-AF03-649E-6AE0-80ABD1895141}.Debug|Any CPU.Build.0 = Debug|Any CPU
		{9504CBA4-AF03-649E-6AE0-80ABD1895141}.Release|Any CPU.ActiveCfg = Release|Any CPU
		{9504CBA4-AF03-649E-6AE0-80ABD1895141}.Release|Any CPU.Build.0 = Release|Any CPU
	EndGlobalSection
	GlobalSection(SolutionProperties) = preSolution
		HideSolutionNode = FALSE
	EndGlobalSection
EndGlobal
